
Microsoft Visual Studio Solution File, Format Version 12.00
# Visual Studio Version 17
VisualStudioVersion = 17.6.33723.286
MinimumVisualStudioVersion = 10.0.40219.1
Project("{FAE04EC0-301F-11D3-BF4B-00C04F79EFBC}") = "WpfApp1", "WpfApp1\WpfApp1.csproj", "{FD977414-9CF4-4B0C-92BC-5C6E127B39A7}"
EndProject
Global
	GlobalSection(SolutionConfigurationPlatforms) = preSolution
		Debug|Any CPU = Debug|Any CPU
		Release|Any CPU = Release|Any CPU
	EndGlobalSection
	GlobalSection(ProjectConfigurationPlatforms) = postSolution
		{FD977414-9CF4-4B0C-92BC-5C6E127B39A7}.Debug|Any CPU.ActiveCfg = Debug|Any CPU
		{FD977414-9CF4-4B0C-92BC-5C6E127B39A7}.Debug|Any CPU.Build.0 = Debug|Any CPU
		{FD977414-9CF4-4B0C-92BC-5C6E127B39A7}.Release|Any CPU.ActiveCfg = Release|Any CPU
		{FD977414-9CF4-4B0C-92BC-5C6E127B39A7}.Release|Any CPU.Build.0 = Release|Any CPU
	EndGlobalSection
	GlobalSection(SolutionProperties) = preSolution
		HideSolutionNode = FALSE
	EndGlobalSection
	GlobalSection(ExtensibilityGlobals) = postSolution
		SolutionGuid = {3F2FD858-F3DE-4BB0-B7E1-1D9D5D09A2A6}
	EndGlobalSection
EndGlobal
